{
  "name": "flowstreamcomponents",
  "lockfileVersion": 3,
  "requires": true,
  "packages": {
    "": {
      "dependencies": {
        "total4": "^0.0.74"
      }
    },
    "node_modules/total4": {
      "version": "0.0.74",
      "resolved": "https://registry.npmjs.org/total4/-/total4-0.0.74.tgz",
      "integrity": "sha512-BsHwqBDli48iNMyENtgE3AF9MjCc2jxtl+GgaLIObfEuDlhkQakISvtbnnMecinf7VbIcwcbJd4JQlXUGBoNOg==",
      "bin": {
        "total4": "bin/total4"
      }
    }
  }
}
